// !$*UTF8*$!
{
	archiveVersion = 1;
	classes = {
	};
	objectVersion = 77;
	objects = {

/* Begin PBXBuildFile section */
		2206C5302CE31EF600744B0F /* MetalLib in Frameworks */ = {isa = PBXBuildFile; productRef = 2206C52F2CE31EF600744B0F /* MetalLib */; };
		2206C5322CE31EFC00744B0F /* MetalLib in Frameworks */ = {isa = PBXBuildFile; productRef = 2206C5312CE31EFC00744B0F /* MetalLib */; };
		22722BB92CE3258E0045DB78 /* Models in Frameworks */ = {isa = PBXBuildFile; productRef = 22722BB82CE3258E0045DB78 /* Models */; };
		22722BBD2CE325980045DB78 /* Models in Frameworks */ = {isa = PBXBuildFile; productRef = 22722BBC2CE325980045DB78 /* Models */; };
		22722BC32CE325FD0045DB78 /* MetalLib in Frameworks */ = {isa = PBXBuildFile; productRef = 22722BC22CE325FD0045DB78 /* MetalLib */; };
		22722BC62CE326050045DB78 /* Models in Frameworks */ = {isa = PBXBuildFile; productRef = 22722BC52CE326050045DB78 /* Models */; };
		22722D542CE3314A0045DB78 /* Models in Frameworks */ = {isa = PBXBuildFile; productRef = 22722D532CE3314A0045DB78 /* Models */; };
		22DE8DFA2C74B3CA00FC6EEA /* LockedExtension.appex in Embed ExtensionKit Extensions */ = {isa = PBXBuildFile; fileRef = 22DE8DF12C74B3CA00FC6EEA /* LockedExtension.appex */; settings = {ATTRIBUTES = (RemoveHeadersOnCopy, ); }; };
		22DE8E072C74B3E500FC6EEA /* WidgetKit.framework in Frameworks */ = {isa = PBXBuildFile; fileRef = 22DE8E062C74B3E500FC6EEA /* WidgetKit.framework */; };
		22DE8E092C74B3E500FC6EEA /* SwiftUI.framework in Frameworks */ = {isa = PBXBuildFile; fileRef = 22DE8E082C74B3E500FC6EEA /* SwiftUI.framework */; };
		22DE8E142C74B3E600FC6EEA /* LockedWidgetExtension.appex in Embed Foundation Extensions */ = {isa = PBXBuildFile; fileRef = 22DE8E042C74B3E500FC6EEA /* LockedWidgetExtension.appex */; settings = {ATTRIBUTES = (RemoveHeadersOnCopy, ); }; };
		22DE8E462C74CC7C00FC6EEA /* LockedCameraCapture.framework in Frameworks */ = {isa = PBXBuildFile; fileRef = 22DE8E452C74CC7C00FC6EEA /* LockedCameraCapture.framework */; };
/* End PBXBuildFile section */

/* Begin PBXContainerItemProxy section */
		22DE8DF82C74B3CA00FC6EEA /* PBXContainerItemProxy */ = {
			isa = PBXContainerItemProxy;
			containerPortal = 22DE8DD32C74B36800FC6EEA /* Project object */;
			proxyType = 1;
			remoteGlobalIDString = 22DE8DF02C74B3CA00FC6EEA;
			remoteInfo = LockedExtension;
		};
		22DE8E122C74B3E600FC6EEA /* PBXContainerItemProxy */ = {
			isa = PBXContainerItemProxy;
			containerPortal = 22DE8DD32C74B36800FC6EEA /* Project object */;
			proxyType = 1;
			remoteGlobalIDString = 22DE8E032C74B3E500FC6EEA;
			remoteInfo = LockedWidgetExtension;
		};
/* End PBXContainerItemProxy section */

/* Begin PBXCopyFilesBuildPhase section */
		22722D4B2CE32FDA0045DB78 /* Embed Frameworks */ = {
			isa = PBXCopyFilesBuildPhase;
			buildActionMask = 2147483647;
			dstPath = "";
			dstSubfolderSpec = 10;
			files = (
			);
			name = "Embed Frameworks";
			runOnlyForDeploymentPostprocessing = 0;
		};
		22DE8DFF2C74B3CA00FC6EEA /* Embed ExtensionKit Extensions */ = {
			isa = PBXCopyFilesBuildPhase;
			buildActionMask = 2147483647;
			dstPath = "$(EXTENSIONS_FOLDER_PATH)";
			dstSubfolderSpec = 16;
			files = (
				22DE8DFA2C74B3CA00FC6EEA /* LockedExtension.appex in Embed ExtensionKit Extensions */,
			);
			name = "Embed ExtensionKit Extensions";
			runOnlyForDeploymentPostprocessing = 0;
		};
		22DE8E192C74B3E600FC6EEA /* Embed Foundation Extensions */ = {
			isa = PBXCopyFilesBuildPhase;
			buildActionMask = 2147483647;
			dstPath = "";
			dstSubfolderSpec = 13;
			files = (
				22DE8E142C74B3E600FC6EEA /* LockedWidgetExtension.appex in Embed Foundation Extensions */,
			);
			name = "Embed Foundation Extensions";
			runOnlyForDeploymentPostprocessing = 0;
		};
/* End PBXCopyFilesBuildPhase section */

/* Begin PBXFileReference section */
		2206C52E2CE31E9100744B0F /* MetalLib */ = {isa = PBXFileReference; lastKnownFileType = wrapper; name = MetalLib; path = Packages/MetalLib; sourceTree = "<group>"; };
		22722BB02CE324C80045DB78 /* Models */ = {isa = PBXFileReference; lastKnownFileType = wrapper; name = Models; path = Packages/Models; sourceTree = "<group>"; };
		22722CE42CE32F0F0045DB78 /* IntentsLib.xcodeproj */ = {isa = PBXFileReference; lastKnownFileType = "wrapper.pb-project"; path = IntentsLib.xcodeproj; sourceTree = "<group>"; };
		22DE8DDB2C74B36800FC6EEA /* LockedCameraCaptureExtensionDemo.app */ = {isa = PBXFileReference; explicitFileType = wrapper.application; includeInIndex = 0; path = LockedCameraCaptureExtensionDemo.app; sourceTree = BUILT_PRODUCTS_DIR; };
		22DE8DF12C74B3CA00FC6EEA /* LockedExtension.appex */ = {isa = PBXFileReference; explicitFileType = "wrapper.extensionkit-extension"; includeInIndex = 0; path = LockedExtension.appex; sourceTree = BUILT_PRODUCTS_DIR; };
		22DE8E042C74B3E500FC6EEA /* LockedWidgetExtension.appex */ = {isa = PBXFileReference; explicitFileType = "wrapper.app-extension"; includeInIndex = 0; path = LockedWidgetExtension.appex; sourceTree = BUILT_PRODUCTS_DIR; };
		22DE8E062C74B3E500FC6EEA /* WidgetKit.framework */ = {isa = PBXFileReference; lastKnownFileType = wrapper.framework; name = WidgetKit.framework; path = System/Library/Frameworks/WidgetKit.framework; sourceTree = SDKROOT; };
		22DE8E082C74B3E500FC6EEA /* SwiftUI.framework */ = {isa = PBXFileReference; lastKnownFileType = wrapper.framework; name = SwiftUI.framework; path = System/Library/Frameworks/SwiftUI.framework; sourceTree = SDKROOT; };
		22DE8E452C74CC7C00FC6EEA /* LockedCameraCapture.framework */ = {isa = PBXFileReference; lastKnownFileType = wrapper.framework; name = LockedCameraCapture.framework; path = Platforms/iPhoneOS.platform/Developer/SDKs/iPhoneOS18.0.sdk/System/Library/Frameworks/LockedCameraCapture.framework; sourceTree = DEVELOPER_DIR; };
/* End PBXFileReference section */

/* Begin PBXFileSystemSynchronizedBuildFileExceptionSet section */
		22722D522CE331180045DB78 /* Exceptions for "LockedCameraCaptureExtensionDemo" folder in "LockedWidgetExtension" target */ = {
			isa = PBXFileSystemSynchronizedBuildFileExceptionSet;
			membershipExceptions = (
				Camera/Misc/LaunchSourceTracker.swift,
				Intent/AppCaptureIntent.swift,
			);
			target = 22DE8E032C74B3E500FC6EEA /* LockedWidgetExtension */;
		};
		22DE8DFB2C74B3CA00FC6EEA /* Exceptions for "LockedExtension" folder in "LockedExtension" target */ = {
			isa = PBXFileSystemSynchronizedBuildFileExceptionSet;
			membershipExceptions = (
				Info.plist,
			);
			target = 22DE8DF02C74B3CA00FC6EEA /* LockedExtension */;
		};
		22DE8E152C74B3E600FC6EEA /* Exceptions for "LockedWidget" folder in "LockedWidgetExtension" target */ = {
			isa = PBXFileSystemSynchronizedBuildFileExceptionSet;
			membershipExceptions = (
				Info.plist,
			);
			target = 22DE8E032C74B3E500FC6EEA /* LockedWidgetExtension */;
		};
		22DE8E2E2C74B5FF00FC6EEA /* Exceptions for "LockedCameraCaptureExtensionDemo" folder in "LockedExtension" target */ = {
			isa = PBXFileSystemSynchronizedBuildFileExceptionSet;
			membershipExceptions = (
				Camera/AppEnvironmentValues.swift,
				Camera/AppStorageConfigProvider.swift,
				Camera/CameraSessionService.swift,
				Camera/Misc/AVCaptureSessionControlsDelegateImpl.swift,
				Camera/Misc/LaunchSourceTracker.swift,
				Camera/OpenMainAppAction.swift,
				Camera/View/CaptureInteractionView.swift,
				Camera/View/ContentView.swift,
				Camera/View/ProtectTerminatedView.swift,
				Camera/View/SettingsPage.swift,
				Camera/ViewModel/CamPreviewViewModel.swift,
				Camera/ViewModel/CaptureProcessor.swift,
				Camera/ViewModel/MainViewModel.swift,
				Camera/ViewModel/SettingsViewModel.swift,
				Intent/AppCaptureIntent.swift,
				Localizable.xcstrings,
			);
			target = 22DE8DF02C74B3CA00FC6EEA /* LockedExtension */;
		};
/* End PBXFileSystemSynchronizedBuildFileExceptionSet section */

/* Begin PBXFileSystemSynchronizedRootGroup section */
		22DE8DDD2C74B36800FC6EEA /* LockedCameraCaptureExtensionDemo */ = {
			isa = PBXFileSystemSynchronizedRootGroup;
			exceptions = (
				22DE8E2E2C74B5FF00FC6EEA /* Exceptions for "LockedCameraCaptureExtensionDemo" folder in "LockedExtension" target */,
				22722D522CE331180045DB78 /* Exceptions for "LockedCameraCaptureExtensionDemo" folder in "LockedWidgetExtension" target */,
			);
			path = LockedCameraCaptureExtensionDemo;
			sourceTree = "<group>";
		};
		22DE8DF22C74B3CA00FC6EEA /* LockedExtension */ = {
			isa = PBXFileSystemSynchronizedRootGroup;
			exceptions = (
				22DE8DFB2C74B3CA00FC6EEA /* Exceptions for "LockedExtension" folder in "LockedExtension" target */,
			);
			path = LockedExtension;
			sourceTree = "<group>";
		};
		22DE8E0A2C74B3E500FC6EEA /* LockedWidget */ = {
			isa = PBXFileSystemSynchronizedRootGroup;
			exceptions = (
				22DE8E152C74B3E600FC6EEA /* Exceptions for "LockedWidget" folder in "LockedWidgetExtension" target */,
			);
			path = LockedWidget;
			sourceTree = "<group>";
		};
/* End PBXFileSystemSynchronizedRootGroup section */

/* Begin PBXFrameworksBuildPhase section */
		22DE8DD82C74B36800FC6EEA /* Frameworks */ = {
			isa = PBXFrameworksBuildPhase;
			buildActionMask = 2147483647;
			files = (
				22722BC62CE326050045DB78 /* Models in Frameworks */,
				22722BC32CE325FD0045DB78 /* MetalLib in Frameworks */,
				22722BB92CE3258E0045DB78 /* Models in Frameworks */,
				2206C5302CE31EF600744B0F /* MetalLib in Frameworks */,
			);
			runOnlyForDeploymentPostprocessing = 0;
		};
		22DE8DEE2C74B3CA00FC6EEA /* Frameworks */ = {
			isa = PBXFrameworksBuildPhase;
			buildActionMask = 2147483647;
			files = (
				22722BBD2CE325980045DB78 /* Models in Frameworks */,
				2206C5322CE31EFC00744B0F /* MetalLib in Frameworks */,
			);
			runOnlyForDeploymentPostprocessing = 0;
		};
		22DE8E012C74B3E500FC6EEA /* Frameworks */ = {
			isa = PBXFrameworksBuildPhase;
			buildActionMask = 2147483647;
			files = (
				22DE8E092C74B3E500FC6EEA /* SwiftUI.framework in Frameworks */,
				22DE8E072C74B3E500FC6EEA /* WidgetKit.framework in Frameworks */,
				22722D542CE3314A0045DB78 /* Models in Frameworks */,
				22DE8E462C74CC7C00FC6EEA /* LockedCameraCapture.framework in Frameworks */,
			);
			runOnlyForDeploymentPostprocessing = 0;
		};
/* End PBXFrameworksBuildPhase section */

/* Begin PBXGroup section */
		22722CE62CE32F0F0045DB78 /* Products */ = {
			isa = PBXGroup;
			children = (
			);
			name = Products;
			sourceTree = "<group>";
		};
		22DE8DD22C74B36800FC6EEA = {
			isa = PBXGroup;
			children = (
				22722BB02CE324C80045DB78 /* Models */,
				2206C52E2CE31E9100744B0F /* MetalLib */,
				22DE8DDD2C74B36800FC6EEA /* LockedCameraCaptureExtensionDemo */,
				22DE8DF22C74B3CA00FC6EEA /* LockedExtension */,
				22DE8E0A2C74B3E500FC6EEA /* LockedWidget */,
				22DE8E052C74B3E500FC6EEA /* Frameworks */,
				22DE8DDC2C74B36800FC6EEA /* Products */,
			);
			sourceTree = "<group>";
		};
		22DE8DDC2C74B36800FC6EEA /* Products */ = {
			isa = PBXGroup;
			children = (
				22DE8DDB2C74B36800FC6EEA /* LockedCameraCaptureExtensionDemo.app */,
				22DE8DF12C74B3CA00FC6EEA /* LockedExtension.appex */,
				22DE8E042C74B3E500FC6EEA /* LockedWidgetExtension.appex */,
			);
			name = Products;
			sourceTree = "<group>";
		};
		22DE8E052C74B3E500FC6EEA /* Frameworks */ = {
			isa = PBXGroup;
			children = (
				22DE8E452C74CC7C00FC6EEA /* LockedCameraCapture.framework */,
				22DE8E062C74B3E500FC6EEA /* WidgetKit.framework */,
				22DE8E082C74B3E500FC6EEA /* SwiftUI.framework */,
			);
			name = Frameworks;
			sourceTree = "<group>";
		};
/* End PBXGroup section */

/* Begin PBXNativeTarget section */
		22DE8DDA2C74B36800FC6EEA /* LockedCameraCaptureExtensionDemo */ = {
			isa = PBXNativeTarget;
			buildConfigurationList = 22DE8DEA2C74B36900FC6EEA /* Build configuration list for PBXNativeTarget "LockedCameraCaptureExtensionDemo" */;
			buildPhases = (
				22DE8DD72C74B36800FC6EEA /* Sources */,
				22DE8DD82C74B36800FC6EEA /* Frameworks */,
				22DE8DD92C74B36800FC6EEA /* Resources */,
				22DE8DFF2C74B3CA00FC6EEA /* Embed ExtensionKit Extensions */,
				22DE8E192C74B3E600FC6EEA /* Embed Foundation Extensions */,
				22722D4B2CE32FDA0045DB78 /* Embed Frameworks */,
			);
			buildRules = (
			);
			dependencies = (
				22DE8DF92C74B3CA00FC6EEA /* PBXTargetDependency */,
				22DE8E132C74B3E600FC6EEA /* PBXTargetDependency */,
			);
			fileSystemSynchronizedGroups = (
				22DE8DDD2C74B36800FC6EEA /* LockedCameraCaptureExtensionDemo */,
			);
			name = LockedCameraCaptureExtensionDemo;
			packageProductDependencies = (
				2206C52F2CE31EF600744B0F /* MetalLib */,
				22722BB82CE3258E0045DB78 /* Models */,
				22722BC22CE325FD0045DB78 /* MetalLib */,
				22722BC52CE326050045DB78 /* Models */,
			);
			productName = LockedCameraCaptureExtensionDemo;
			productReference = 22DE8DDB2C74B36800FC6EEA /* LockedCameraCaptureExtensionDemo.app */;
			productType = "com.apple.product-type.application";
		};
		22DE8DF02C74B3CA00FC6EEA /* LockedExtension */ = {
			isa = PBXNativeTarget;
			buildConfigurationList = 22DE8DFC2C74B3CA00FC6EEA /* Build configuration list for PBXNativeTarget "LockedExtension" */;
			buildPhases = (
				22DE8DED2C74B3CA00FC6EEA /* Sources */,
				22DE8DEE2C74B3CA00FC6EEA /* Frameworks */,
				22DE8DEF2C74B3CA00FC6EEA /* Resources */,
			);
			buildRules = (
			);
			dependencies = (
			);
			fileSystemSynchronizedGroups = (
				22DE8DF22C74B3CA00FC6EEA /* LockedExtension */,
			);
			name = LockedExtension;
			packageProductDependencies = (
				2206C5312CE31EFC00744B0F /* MetalLib */,
				22722BBC2CE325980045DB78 /* Models */,
			);
			productName = LockedExtension;
			productReference = 22DE8DF12C74B3CA00FC6EEA /* LockedExtension.appex */;
			productType = "com.apple.product-type.extensionkit-extension";
		};
		22DE8E032C74B3E500FC6EEA /* LockedWidgetExtension */ = {
			isa = PBXNativeTarget;
			buildConfigurationList = 22DE8E162C74B3E600FC6EEA /* Build configuration list for PBXNativeTarget "LockedWidgetExtension" */;
			buildPhases = (
				22DE8E002C74B3E500FC6EEA /* Sources */,
				22DE8E012C74B3E500FC6EEA /* Frameworks */,
				22DE8E022C74B3E500FC6EEA /* Resources */,
			);
			buildRules = (
			);
			dependencies = (
			);
			fileSystemSynchronizedGroups = (
				22DE8E0A2C74B3E500FC6EEA /* LockedWidget */,
			);
			name = LockedWidgetExtension;
			packageProductDependencies = (
				22722D532CE3314A0045DB78 /* Models */,
			);
			productName = LockedWidgetExtension;
			productReference = 22DE8E042C74B3E500FC6EEA /* LockedWidgetExtension.appex */;
			productType = "com.apple.product-type.app-extension";
		};
/* End PBXNativeTarget section */

/* Begin PBXProject section */
		22DE8DD32C74B36800FC6EEA /* Project object */ = {
			isa = PBXProject;
			attributes = {
				BuildIndependentTargetsInParallel = 1;
				LastSwiftUpdateCheck = 1600;
				LastUpgradeCheck = 1600;
				TargetAttributes = {
					22DE8DDA2C74B36800FC6EEA = {
						CreatedOnToolsVersion = 16.0;
					};
					22DE8DF02C74B3CA00FC6EEA = {
						CreatedOnToolsVersion = 16.0;
					};
					22DE8E032C74B3E500FC6EEA = {
						CreatedOnToolsVersion = 16.0;
					};
				};
			};
			buildConfigurationList = 22DE8DD62C74B36800FC6EEA /* Build configuration list for PBXProject "LockedCameraCaptureExtensionDemo" */;
			developmentRegion = en;
			hasScannedForEncodings = 0;
			knownRegions = (
				en,
				Base,
				"zh-Hans",
				"zh-Hant",
			);
			mainGroup = 22DE8DD22C74B36800FC6EEA;
			minimizedProjectReferenceProxies = 1;
			packageReferences = (
				22722BC12CE325FD0045DB78 /* XCLocalSwiftPackageReference "Packages/MetalLib" */,
				22722BC42CE326050045DB78 /* XCLocalSwiftPackageReference "Packages/Models" */,
			);
			preferredProjectObjectVersion = 77;
			productRefGroup = 22DE8DDC2C74B36800FC6EEA /* Products */;
			projectDirPath = "";
			projectReferences = (
				{
					ProductGroup = 22722CE62CE32F0F0045DB78 /* Products */;
					ProjectRef = 22722CE42CE32F0F0045DB78 /* IntentsLib.xcodeproj */;
				},
			);
			projectRoot = "";
			targets = (
				22DE8DDA2C74B36800FC6EEA /* LockedCameraCaptureExtensionDemo */,
				22DE8DF02C74B3CA00FC6EEA /* LockedExtension */,
				22DE8E032C74B3E500FC6EEA /* LockedWidgetExtension */,
			);
		};
/* End PBXProject section */

/* Begin PBXResourcesBuildPhase section */
		22DE8DD92C74B36800FC6EEA /* Resources */ = {
			isa = PBXResourcesBuildPhase;
			buildActionMask = 2147483647;
			files = (
			);
			runOnlyForDeploymentPostprocessing = 0;
		};
		22DE8DEF2C74B3CA00FC6EEA /* Resources */ = {
			isa = PBXResourcesBuildPhase;
			buildActionMask = 2147483647;
			files = (
			);
			runOnlyForDeploymentPostprocessing = 0;
		};
		22DE8E022C74B3E500FC6EEA /* Resources */ = {
			isa = PBXResourcesBuildPhase;
			buildActionMask = 2147483647;
			files = (
			);
			runOnlyForDeploymentPostprocessing = 0;
		};
/* End PBXResourcesBuildPhase section */

/* Begin PBXSourcesBuildPhase section */
		22DE8DD72C74B36800FC6EEA /* Sources */ = {
			isa = PBXSourcesBuildPhase;
			buildActionMask = 2147483647;
			files = (
			);
			runOnlyForDeploymentPostprocessing = 0;
		};
		22DE8DED2C74B3CA00FC6EEA /* Sources */ = {
			isa = PBXSourcesBuildPhase;
			buildActionMask = 2147483647;
			files = (
			);
			runOnlyForDeploymentPostprocessing = 0;
		};
		22DE8E002C74B3E500FC6EEA /* Sources */ = {
			isa = PBXSourcesBuildPhase;
			buildActionMask = 2147483647;
			files = (
			);
			runOnlyForDeploymentPostprocessing = 0;
		};
/* End PBXSourcesBuildPhase section */

/* Begin PBXTargetDependency section */
		22DE8DF92C74B3CA00FC6EEA /* PBXTargetDependency */ = {
			isa = PBXTargetDependency;
			target = 22DE8DF02C74B3CA00FC6EEA /* LockedExtension */;
			targetProxy = 22DE8DF82C74B3CA00FC6EEA /* PBXContainerItemProxy */;
		};
		22DE8E132C74B3E600FC6EEA /* PBXTargetDependency */ = {
			isa = PBXTargetDependency;
			target = 22DE8E032C74B3E500FC6EEA /* LockedWidgetExtension */;
			targetProxy = 22DE8E122C74B3E600FC6EEA /* PBXContainerItemProxy */;
		};
/* End PBXTargetDependency section */

/* Begin XCBuildConfiguration section */
		22DE8DE82C74B36900FC6EEA /* Debug */ = {
			isa = XCBuildConfiguration;
			buildSettings = {
				ALWAYS_SEARCH_USER_PATHS = NO;
				ASSETCATALOG_COMPILER_GENERATE_SWIFT_ASSET_SYMBOL_EXTENSIONS = YES;
				CLANG_ANALYZER_NONNULL = YES;
				CLANG_ANALYZER_NUMBER_OBJECT_CONVERSION = YES_AGGRESSIVE;
				CLANG_CXX_LANGUAGE_STANDARD = "gnu++20";
				CLANG_ENABLE_MODULES = YES;
				CLANG_ENABLE_OBJC_ARC = YES;
				CLANG_ENABLE_OBJC_WEAK = YES;
				CLANG_WARN_BLOCK_CAPTURE_AUTORELEASING = YES;
				CLANG_WARN_BOOL_CONVERSION = YES;
				CLANG_WARN_COMMA = YES;
				CLANG_WARN_CONSTANT_CONVERSION = YES;
				CLANG_WARN_DEPRECATED_OBJC_IMPLEMENTATIONS = YES;
				CLANG_WARN_DIRECT_OBJC_ISA_USAGE = YES_ERROR;
				CLANG_WARN_DOCUMENTATION_COMMENTS = YES;
				CLANG_WARN_EMPTY_BODY = YES;
				CLANG_WARN_ENUM_CONVERSION = YES;
				CLANG_WARN_INFINITE_RECURSION = YES;
				CLANG_WARN_INT_CONVERSION = YES;
				CLANG_WARN_NON_LITERAL_NULL_CONVERSION = YES;
				CLANG_WARN_OBJC_IMPLICIT_RETAIN_SELF = YES;
				CLANG_WARN_OBJC_LITERAL_CONVERSION = YES;
				CLANG_WARN_OBJC_ROOT_CLASS = YES_ERROR;
				CLANG_WARN_QUOTED_INCLUDE_IN_FRAMEWORK_HEADER = YES;
				CLANG_WARN_RANGE_LOOP_ANALYSIS = YES;
				CLANG_WARN_STRICT_PROTOTYPES = YES;
				CLANG_WARN_SUSPICIOUS_MOVE = YES;
				CLANG_WARN_UNGUARDED_AVAILABILITY = YES_AGGRESSIVE;
				CLANG_WARN_UNREACHABLE_CODE = YES;
				CLANG_WARN__DUPLICATE_METHOD_MATCH = YES;
				COPY_PHASE_STRIP = NO;
				DEBUG_INFORMATION_FORMAT = dwarf;
				ENABLE_STRICT_OBJC_MSGSEND = YES;
				ENABLE_TESTABILITY = YES;
				ENABLE_USER_SCRIPT_SANDBOXING = YES;
				GCC_C_LANGUAGE_STANDARD = gnu17;
				GCC_DYNAMIC_NO_PIC = NO;
				GCC_NO_COMMON_BLOCKS = YES;
				GCC_OPTIMIZATION_LEVEL = 0;
				GCC_PREPROCESSOR_DEFINITIONS = (
					"DEBUG=1",
					"$(inherited)",
				);
				GCC_WARN_64_TO_32_BIT_CONVERSION = YES;
				GCC_WARN_ABOUT_RETURN_TYPE = YES_ERROR;
				GCC_WARN_UNDECLARED_SELECTOR = YES;
				GCC_WARN_UNINITIALIZED_AUTOS = YES_AGGRESSIVE;
				GCC_WARN_UNUSED_FUNCTION = YES;
				GCC_WARN_UNUSED_VARIABLE = YES;
				LOCALIZATION_PREFERS_STRING_CATALOGS = YES;
				MTL_ENABLE_DEBUG_INFO = INCLUDE_SOURCE;
				MTL_FAST_MATH = YES;
				ONLY_ACTIVE_ARCH = YES;
				SWIFT_ACTIVE_COMPILATION_CONDITIONS = "DEBUG $(inherited)";
				SWIFT_EMIT_LOC_STRINGS = YES;
				SWIFT_OPTIMIZATION_LEVEL = "-Onone";
			};
			name = Debug;
		};
		22DE8DE92C74B36900FC6EEA /* Release */ = {
			isa = XCBuildConfiguration;
			buildSettings = {
				ALWAYS_SEARCH_USER_PATHS = NO;
				ASSETCATALOG_COMPILER_GENERATE_SWIFT_ASSET_SYMBOL_EXTENSIONS = YES;
				CLANG_ANALYZER_NONNULL = YES;
				CLANG_ANALYZER_NUMBER_OBJECT_CONVERSION = YES_AGGRESSIVE;
				CLANG_CXX_LANGUAGE_STANDARD = "gnu++20";
				CLANG_ENABLE_MODULES = YES;
				CLANG_ENABLE_OBJC_ARC = YES;
				CLANG_ENABLE_OBJC_WEAK = YES;
				CLANG_WARN_BLOCK_CAPTURE_AUTORELEASING = YES;
				CLANG_WARN_BOOL_CONVERSION = YES;
				CLANG_WARN_COMMA = YES;
				CLANG_WARN_CONSTANT_CONVERSION = YES;
				CLANG_WARN_DEPRECATED_OBJC_IMPLEMENTATIONS = YES;
				CLANG_WARN_DIRECT_OBJC_ISA_USAGE = YES_ERROR;
				CLANG_WARN_DOCUMENTATION_COMMENTS = YES;
				CLANG_WARN_EMPTY_BODY = YES;
				CLANG_WARN_ENUM_CONVERSION = YES;
				CLANG_WARN_INFINITE_RECURSION = YES;
				CLANG_WARN_INT_CONVERSION = YES;
				CLANG_WARN_NON_LITERAL_NULL_CONVERSION = YES;
				CLANG_WARN_OBJC_IMPLICIT_RETAIN_SELF = YES;
				CLANG_WARN_OBJC_LITERAL_CONVERSION = YES;
				CLANG_WARN_OBJC_ROOT_CLASS = YES_ERROR;
				CLANG_WARN_QUOTED_INCLUDE_IN_FRAMEWORK_HEADER = YES;
				CLANG_WARN_RANGE_LOOP_ANALYSIS = YES;
				CLANG_WARN_STRICT_PROTOTYPES = YES;
				CLANG_WARN_SUSPICIOUS_MOVE = YES;
				CLANG_WARN_UNGUARDED_AVAILABILITY = YES_AGGRESSIVE;
				CLANG_WARN_UNREACHABLE_CODE = YES;
				CLANG_WARN__DUPLICATE_METHOD_MATCH = YES;
				COPY_PHASE_STRIP = NO;
				DEBUG_INFORMATION_FORMAT = "dwarf-with-dsym";
				ENABLE_NS_ASSERTIONS = NO;
				ENABLE_STRICT_OBJC_MSGSEND = YES;
				ENABLE_USER_SCRIPT_SANDBOXING = YES;
				GCC_C_LANGUAGE_STANDARD = gnu17;
				GCC_NO_COMMON_BLOCKS = YES;
				GCC_WARN_64_TO_32_BIT_CONVERSION = YES;
				GCC_WARN_ABOUT_RETURN_TYPE = YES_ERROR;
				GCC_WARN_UNDECLARED_SELECTOR = YES;
				GCC_WARN_UNINITIALIZED_AUTOS = YES_AGGRESSIVE;
				GCC_WARN_UNUSED_FUNCTION = YES;
				GCC_WARN_UNUSED_VARIABLE = YES;
				LOCALIZATION_PREFERS_STRING_CATALOGS = YES;
				MTL_ENABLE_DEBUG_INFO = NO;
				MTL_FAST_MATH = YES;
				SWIFT_COMPILATION_MODE = wholemodule;
				SWIFT_EMIT_LOC_STRINGS = YES;
			};
			name = Release;
		};
		22DE8DEB2C74B36900FC6EEA /* Debug */ = {
			isa = XCBuildConfiguration;
			buildSettings = {
				ASSETCATALOG_COMPILER_APPICON_NAME = AppIcon;
				ASSETCATALOG_COMPILER_GLOBAL_ACCENT_COLOR_NAME = AccentColor;
				CODE_SIGN_ENTITLEMENTS = LockedCameraCaptureExtensionDemo/LockedCameraCaptureExtensionDemo.entitlements;
				CODE_SIGN_STYLE = Automatic;
				CURRENT_PROJECT_VERSION = 1;
				DEVELOPMENT_ASSET_PATHS = "\"LockedCameraCaptureExtensionDemo/Preview Content\"";
				DEVELOPMENT_TEAM = 7GB9CHCB87;
				ENABLE_HARDENED_RUNTIME = YES;
				ENABLE_PREVIEWS = YES;
				GENERATE_INFOPLIST_FILE = YES;
				INFOPLIST_KEY_CFBundleDisplayName = LockedCamDemo;
				INFOPLIST_KEY_LSApplicationCategoryType = "public.app-category.photography";
				INFOPLIST_KEY_NSCameraUsageDescription = "This app requires camera permission to access and take photos.";
				INFOPLIST_KEY_NSPhotoLibraryUsageDescription = "This app requires photo library permission to add photos to your library.";
				"INFOPLIST_KEY_UIApplicationSceneManifest_Generation[sdk=iphoneos*]" = YES;
				"INFOPLIST_KEY_UIApplicationSceneManifest_Generation[sdk=iphonesimulator*]" = YES;
				"INFOPLIST_KEY_UIApplicationSupportsIndirectInputEvents[sdk=iphoneos*]" = YES;
				"INFOPLIST_KEY_UIApplicationSupportsIndirectInputEvents[sdk=iphonesimulator*]" = YES;
				"INFOPLIST_KEY_UILaunchScreen_Generation[sdk=iphoneos*]" = YES;
				"INFOPLIST_KEY_UILaunchScreen_Generation[sdk=iphonesimulator*]" = YES;
				"INFOPLIST_KEY_UIStatusBarStyle[sdk=iphoneos*]" = UIStatusBarStyleDefault;
				"INFOPLIST_KEY_UIStatusBarStyle[sdk=iphonesimulator*]" = UIStatusBarStyleDefault;
				INFOPLIST_KEY_UISupportedInterfaceOrientations = UIInterfaceOrientationPortrait;
				IPHONEOS_DEPLOYMENT_TARGET = 17.2;
				LD_RUNPATH_SEARCH_PATHS = "@executable_path/Frameworks";
				"LD_RUNPATH_SEARCH_PATHS[sdk=macosx*]" = "@executable_path/../Frameworks";
				MACOSX_DEPLOYMENT_TARGET = 14.6;
				MARKETING_VERSION = 1.0;
				PRODUCT_BUNDLE_IDENTIFIER = com.juniperphoton.LockedCameraCaptureExtensionDemo;
				PRODUCT_NAME = "$(TARGET_NAME)";
				SDKROOT = auto;
				SUPPORTED_PLATFORMS = "iphoneos iphonesimulator";
				SUPPORTS_MACCATALYST = NO;
				SWIFT_EMIT_LOC_STRINGS = YES;
				SWIFT_VERSION = 5.0;
				TARGETED_DEVICE_FAMILY = "1,2";
				XROS_DEPLOYMENT_TARGET = 2.0;
			};
			name = Debug;
		};
		22DE8DEC2C74B36900FC6EEA /* Release */ = {
			isa = XCBuildConfiguration;
			buildSettings = {
				ASSETCATALOG_COMPILER_APPICON_NAME = AppIcon;
				ASSETCATALOG_COMPILER_GLOBAL_ACCENT_COLOR_NAME = AccentColor;
				CODE_SIGN_ENTITLEMENTS = LockedCameraCaptureExtensionDemo/LockedCameraCaptureExtensionDemo.entitlements;
				CODE_SIGN_STYLE = Automatic;
				CURRENT_PROJECT_VERSION = 1;
				DEVELOPMENT_ASSET_PATHS = "\"LockedCameraCaptureExtensionDemo/Preview Content\"";
				DEVELOPMENT_TEAM = 7GB9CHCB87;
				ENABLE_HARDENED_RUNTIME = YES;
				ENABLE_PREVIEWS = YES;
				GENERATE_INFOPLIST_FILE = YES;
				INFOPLIST_KEY_CFBundleDisplayName = LockedCamDemo;
				INFOPLIST_KEY_LSApplicationCategoryType = "public.app-category.photography";
				INFOPLIST_KEY_NSCameraUsageDescription = "This app requires camera permission to access and take photos.";
				INFOPLIST_KEY_NSPhotoLibraryUsageDescription = "This app requires photo library permission to add photos to your library.";
				"INFOPLIST_KEY_UIApplicationSceneManifest_Generation[sdk=iphoneos*]" = YES;
				"INFOPLIST_KEY_UIApplicationSceneManifest_Generation[sdk=iphonesimulator*]" = YES;
				"INFOPLIST_KEY_UIApplicationSupportsIndirectInputEvents[sdk=iphoneos*]" = YES;
				"INFOPLIST_KEY_UIApplicationSupportsIndirectInputEvents[sdk=iphonesimulator*]" = YES;
				"INFOPLIST_KEY_UILaunchScreen_Generation[sdk=iphoneos*]" = YES;
				"INFOPLIST_KEY_UILaunchScreen_Generation[sdk=iphonesimulator*]" = YES;
				"INFOPLIST_KEY_UIStatusBarStyle[sdk=iphoneos*]" = UIStatusBarStyleDefault;
				"INFOPLIST_KEY_UIStatusBarStyle[sdk=iphonesimulator*]" = UIStatusBarStyleDefault;
				INFOPLIST_KEY_UISupportedInterfaceOrientations = UIInterfaceOrientationPortrait;
				IPHONEOS_DEPLOYMENT_TARGET = 17.2;
				LD_RUNPATH_SEARCH_PATHS = "@executable_path/Frameworks";
				"LD_RUNPATH_SEARCH_PATHS[sdk=macosx*]" = "@executable_path/../Frameworks";
				MACOSX_DEPLOYMENT_TARGET = 14.6;
				MARKETING_VERSION = 1.0;
				PRODUCT_BUNDLE_IDENTIFIER = com.juniperphoton.LockedCameraCaptureExtensionDemo;
				PRODUCT_NAME = "$(TARGET_NAME)";
				SDKROOT = auto;
				SUPPORTED_PLATFORMS = "iphoneos iphonesimulator";
				SUPPORTS_MACCATALYST = NO;
				SWIFT_EMIT_LOC_STRINGS = YES;
				SWIFT_VERSION = 5.0;
				TARGETED_DEVICE_FAMILY = "1,2";
				XROS_DEPLOYMENT_TARGET = 2.0;
			};
			name = Release;
		};
		22DE8DFD2C74B3CA00FC6EEA /* Debug */ = {
			isa = XCBuildConfiguration;
			buildSettings = {
				CODE_SIGN_STYLE = Automatic;
				CURRENT_PROJECT_VERSION = 1;
				DEVELOPMENT_TEAM = 7GB9CHCB87;
				GENERATE_INFOPLIST_FILE = YES;
				INFOPLIST_FILE = LockedExtension/Info.plist;
				INFOPLIST_KEY_CFBundleDisplayName = LockedExtension;
				INFOPLIST_KEY_NSCameraUsageDescription = "This app requires camera permission to access and take photos.";
				INFOPLIST_KEY_NSHumanReadableCopyright = "";
				INFOPLIST_KEY_NSPhotoLibraryUsageDescription = "This app requires photo library permission to add photos to your library.";
				INFOPLIST_KEY_UISupportedInterfaceOrientations = UIInterfaceOrientationPortrait;
				IPHONEOS_DEPLOYMENT_TARGET = 18.0;
				LD_RUNPATH_SEARCH_PATHS = (
					"$(inherited)",
					"@executable_path/Frameworks",
					"@executable_path/../../Frameworks",
				);
				MARKETING_VERSION = 1.0;
				PRODUCT_BUNDLE_IDENTIFIER = com.juniperphoton.LockedCameraCaptureExtensionDemo.LockedExtension;
				PRODUCT_NAME = "$(TARGET_NAME)";
				SDKROOT = iphoneos;
				SKIP_INSTALL = YES;
				SUPPORTED_PLATFORMS = "iphoneos iphonesimulator";
				SUPPORTS_MACCATALYST = NO;
				SUPPORTS_MAC_DESIGNED_FOR_IPHONE_IPAD = NO;
				SUPPORTS_XR_DESIGNED_FOR_IPHONE_IPAD = NO;
				SWIFT_ACTIVE_COMPILATION_CONDITIONS = "DEBUG $(inherited) CAPTURE_EXTENSION";
				SWIFT_EMIT_LOC_STRINGS = YES;
				SWIFT_VERSION = 5.0;
				TARGETED_DEVICE_FAMILY = "1,2";
			};
			name = Debug;
		};
		22DE8DFE2C74B3CA00FC6EEA /* Release */ = {
			isa = XCBuildConfiguration;
			buildSettings = {
				CODE_SIGN_STYLE = Automatic;
				CURRENT_PROJECT_VERSION = 1;
				DEVELOPMENT_TEAM = 7GB9CHCB87;
				GENERATE_INFOPLIST_FILE = YES;
				INFOPLIST_FILE = LockedExtension/Info.plist;
				INFOPLIST_KEY_CFBundleDisplayName = LockedExtension;
				INFOPLIST_KEY_NSCameraUsageDescription = "This app requires camera permission to access and take photos.";
				INFOPLIST_KEY_NSHumanReadableCopyright = "";
				INFOPLIST_KEY_NSPhotoLibraryUsageDescription = "This app requires photo library permission to add photos to your library.";
				INFOPLIST_KEY_UISupportedInterfaceOrientations = UIInterfaceOrientationPortrait;
				IPHONEOS_DEPLOYMENT_TARGET = 18.0;
				LD_RUNPATH_SEARCH_PATHS = (
					"$(inherited)",
					"@executable_path/Frameworks",
					"@executable_path/../../Frameworks",
				);
				MARKETING_VERSION = 1.0;
				PRODUCT_BUNDLE_IDENTIFIER = com.juniperphoton.LockedCameraCaptureExtensionDemo.LockedExtension;
				PRODUCT_NAME = "$(TARGET_NAME)";
				SDKROOT = iphoneos;
				SKIP_INSTALL = YES;
				SUPPORTED_PLATFORMS = "iphoneos iphonesimulator";
				SUPPORTS_MACCATALYST = NO;
				SUPPORTS_MAC_DESIGNED_FOR_IPHONE_IPAD = NO;
				SUPPORTS_XR_DESIGNED_FOR_IPHONE_IPAD = NO;
				SWIFT_ACTIVE_COMPILATION_CONDITIONS = CAPTURE_EXTENSION;
				SWIFT_EMIT_LOC_STRINGS = YES;
				SWIFT_VERSION = 5.0;
				TARGETED_DEVICE_FAMILY = "1,2";
				VALIDATE_PRODUCT = YES;
			};
			name = Release;
		};
		22DE8E172C74B3E600FC6EEA /* Debug */ = {
			isa = XCBuildConfiguration;
			buildSettings = {
				ASSETCATALOG_COMPILER_GLOBAL_ACCENT_COLOR_NAME = AccentColor;
				ASSETCATALOG_COMPILER_WIDGET_BACKGROUND_COLOR_NAME = WidgetBackground;
				CODE_SIGN_STYLE = Automatic;
				CURRENT_PROJECT_VERSION = 1;
				DEVELOPMENT_TEAM = 7GB9CHCB87;
				GENERATE_INFOPLIST_FILE = YES;
				INFOPLIST_FILE = LockedWidget/Info.plist;
				INFOPLIST_KEY_CFBundleDisplayName = LockedWidget;
				INFOPLIST_KEY_NSCameraUsageDescription = "This app requires camera permission to access and take photos.";
				INFOPLIST_KEY_NSHumanReadableCopyright = "";
				INFOPLIST_KEY_NSPhotoLibraryUsageDescription = "This app requires photo library permission to add photos to your library.";
				IPHONEOS_DEPLOYMENT_TARGET = 17.0;
				LD_RUNPATH_SEARCH_PATHS = (
					"$(inherited)",
					"@executable_path/Frameworks",
					"@executable_path/../../Frameworks",
				);
				MARKETING_VERSION = 1.0;
				OTHER_SWIFT_FLAGS = "";
				PRODUCT_BUNDLE_IDENTIFIER = com.juniperphoton.LockedCameraCaptureExtensionDemo.LockedWidget;
				PRODUCT_NAME = "$(TARGET_NAME)";
				SDKROOT = iphoneos;
				SKIP_INSTALL = YES;
				SUPPORTED_PLATFORMS = "iphoneos iphonesimulator";
				SUPPORTS_MACCATALYST = NO;
				SUPPORTS_MAC_DESIGNED_FOR_IPHONE_IPAD = NO;
				SUPPORTS_XR_DESIGNED_FOR_IPHONE_IPAD = NO;
				SWIFT_ACTIVE_COMPILATION_CONDITIONS = "DEBUG $(inherited)";
				SWIFT_EMIT_LOC_STRINGS = YES;
				SWIFT_VERSION = 5.0;
				TARGETED_DEVICE_FAMILY = "1,2";
			};
			name = Debug;
		};
		22DE8E182C74B3E600FC6EEA /* Release */ = {
			isa = XCBuildConfiguration;
			buildSettings = {
				ASSETCATALOG_COMPILER_GLOBAL_ACCENT_COLOR_NAME = AccentColor;
				ASSETCATALOG_COMPILER_WIDGET_BACKGROUND_COLOR_NAME = WidgetBackground;
				CODE_SIGN_STYLE = Automatic;
				CURRENT_PROJECT_VERSION = 1;
				DEVELOPMENT_TEAM = 7GB9CHCB87;
				GENERATE_INFOPLIST_FILE = YES;
				INFOPLIST_FILE = LockedWidget/Info.plist;
				INFOPLIST_KEY_CFBundleDisplayName = LockedWidget;
				INFOPLIST_KEY_NSCameraUsageDescription = "This app requires camera permission to access and take photos.";
				INFOPLIST_KEY_NSHumanReadableCopyright = "";
				INFOPLIST_KEY_NSPhotoLibraryUsageDescription = "This app requires photo library permission to add photos to your library.";
				IPHONEOS_DEPLOYMENT_TARGET = 17.0;
				LD_RUNPATH_SEARCH_PATHS = (
					"$(inherited)",
					"@executable_path/Frameworks",
					"@executable_path/../../Frameworks",
				);
				MARKETING_VERSION = 1.0;
				OTHER_SWIFT_FLAGS = "";
				PRODUCT_BUNDLE_IDENTIFIER = com.juniperphoton.LockedCameraCaptureExtensionDemo.LockedWidget;
				PRODUCT_NAME = "$(TARGET_NAME)";
				SDKROOT = iphoneos;
				SKIP_INSTALL = YES;
				SUPPORTED_PLATFORMS = "iphoneos iphonesimulator";
				SUPPORTS_MACCATALYST = NO;
				SUPPORTS_MAC_DESIGNED_FOR_IPHONE_IPAD = NO;
				SUPPORTS_XR_DESIGNED_FOR_IPHONE_IPAD = NO;
				SWIFT_ACTIVE_COMPILATION_CONDITIONS = "";
				SWIFT_EMIT_LOC_STRINGS = YES;
				SWIFT_VERSION = 5.0;
				TARGETED_DEVICE_FAMILY = "1,2";
				VALIDATE_PRODUCT = YES;
			};
			name = Release;
		};
/* End XCBuildConfiguration section */

/* Begin XCConfigurationList section */
		22DE8DD62C74B36800FC6EEA /* Build configuration list for PBXProject "LockedCameraCaptureExtensionDemo" */ = {
			isa = XCConfigurationList;
			buildConfigurations = (
				22DE8DE82C74B36900FC6EEA /* Debug */,
				22DE8DE92C74B36900FC6EEA /* Release */,
			);
			defaultConfigurationIsVisible = 0;
			defaultConfigurationName = Release;
		};
		22DE8DEA2C74B36900FC6EEA /* Build configuration list for PBXNativeTarget "LockedCameraCaptureExtensionDemo" */ = {
			isa = XCConfigurationList;
			buildConfigurations = (
				22DE8DEB2C74B36900FC6EEA /* Debug */,
				22DE8DEC2C74B36900FC6EEA /* Release */,
			);
			defaultConfigurationIsVisible = 0;
			defaultConfigurationName = Release;
		};
		22DE8DFC2C74B3CA00FC6EEA /* Build configuration list for PBXNativeTarget "LockedExtension" */ = {
			isa = XCConfigurationList;
			buildConfigurations = (
				22DE8DFD2C74B3CA00FC6EEA /* Debug */,
				22DE8DFE2C74B3CA00FC6EEA /* Release */,
			);
			defaultConfigurationIsVisible = 0;
			defaultConfigurationName = Release;
		};
		22DE8E162C74B3E600FC6EEA /* Build configuration list for PBXNativeTarget "LockedWidgetExtension" */ = {
			isa = XCConfigurationList;
			buildConfigurations = (
				22DE8E172C74B3E600FC6EEA /* Debug */,
				22DE8E182C74B3E600FC6EEA /* Release */,
			);
			defaultConfigurationIsVisible = 0;
			defaultConfigurationName = Release;
		};
/* End XCConfigurationList section */

/* Begin XCLocalSwiftPackageReference section */
		22722BC12CE325FD0045DB78 /* XCLocalSwiftPackageReference "Packages/MetalLib" */ = {
			isa = XCLocalSwiftPackageReference;
			relativePath = Packages/MetalLib;
		};
		22722BC42CE326050045DB78 /* XCLocalSwiftPackageReference "Packages/Models" */ = {
			isa = XCLocalSwiftPackageReference;
			relativePath = Packages/Models;
		};
/* End XCLocalSwiftPackageReference section */

/* Begin XCSwiftPackageProductDependency section */
		2206C52F2CE31EF600744B0F /* MetalLib */ = {
			isa = XCSwiftPackageProductDependency;
			productName = MetalLib;
		};
		2206C5312CE31EFC00744B0F /* MetalLib */ = {
			isa = XCSwiftPackageProductDependency;
			productName = MetalLib;
		};
		22722BB82CE3258E0045DB78 /* Models */ = {
			isa = XCSwiftPackageProductDependency;
			productName = Models;
		};
		22722BBC2CE325980045DB78 /* Models */ = {
			isa = XCSwiftPackageProductDependency;
			productName = Models;
		};
		22722BC22CE325FD0045DB78 /* MetalLib */ = {
			isa = XCSwiftPackageProductDependency;
			productName = MetalLib;
		};
		22722BC52CE326050045DB78 /* Models */ = {
			isa = XCSwiftPackageProductDependency;
			productName = Models;
		};
		22722D532CE3314A0045DB78 /* Models */ = {
			isa = XCSwiftPackageProductDependency;
			productName = Models;
		};
/* End XCSwiftPackageProductDependency section */
	};
	rootObject = 22DE8DD32C74B36800FC6EEA /* Project object */;
}
